
Microsoft Visual Studio Solution File, Format Version 12.00
# Visual Studio Version 17
VisualStudioVersion = 17.0.31903.59
MinimumVisualStudioVersion = 10.0.40219.1
Project("{FAE04EC0-301F-11D3-BF4B-00C04F79EFBC}") = "BuberDinner.Api", "BuberDinner.Api\BuberDinner.Api.csproj", "{75FFD5F9-AE6F-41AF-9E03-EBF9C174095B}"
EndProject
Project("{FAE04EC0-301F-11D3-BF4B-00C04F79EFBC}") = "BuberDinner.Application", "BuberDinner.Application\BuberDinner.Application.csproj", "{3249AB6F-0448-4018-900D-C390DD6B9C64}"
EndProject
Project("{FAE04EC0-301F-11D3-BF4B-00C04F79EFBC}") = "BuberDinner.Contracts", "BuberDinner.Contracts\BuberDinner.Contracts.csproj", "{367AA587-5314-4E4D-8EC5-D3CF721EE5F0}"
EndProject
Project("{FAE04EC0-301F-11D3-BF4B-00C04F79EFBC}") = "BuberDinner.Domain", "BuberDinner.Domain\BuberDinner.Domain.csproj", "{D197C674-C124-48F4-BF82-B2ADD647C3AD}"
EndProject
Project("{FAE04EC0-301F-11D3-BF4B-00C04F79EFBC}") = "BuberDinner.Infrastructure", "BuberDinner.Infrastructure\BuberDinner.Infrastructure.csproj", "{5F381F81-3254-4A8A-86D3-F2F2871614FA}"
EndProject
Global
	GlobalSection(SolutionConfigurationPlatforms) = preSolution
		Debug|Any CPU = Debug|Any CPU
		Release|Any CPU = Release|Any CPU
	EndGlobalSection
	GlobalSection(SolutionProperties) = preSolution
		HideSolutionNode = FALSE
	EndGlobalSection
	GlobalSection(ProjectConfigurationPlatforms) = postSolution
		{75FFD5F9-AE6F-41AF-9E03-EBF9C174095B}.Debug|Any CPU.ActiveCfg = Debug|Any CPU
		{75FFD5F9-AE6F-41AF-9E03-EBF9C174095B}.Debug|Any CPU.Build.0 = Debug|Any CPU
		{75FFD5F9-AE6F-41AF-9E03-EBF9C174095B}.Release|Any CPU.ActiveCfg = Release|Any CPU
		{75FFD5F9-AE6F-41AF-9E03-EBF9C174095B}.Release|Any CPU.Build.0 = Release|Any CPU
		{3249AB6F-0448-4018-900D-C390DD6B9C64}.Debug|Any CPU.ActiveCfg = Debug|Any CPU
		{3249AB6F-0448-4018-900D-C390DD6B9C64}.Debug|Any CPU.Build.0 = Debug|Any CPU
		{3249AB6F-0448-4018-900D-C390DD6B9C64}.Release|Any CPU.ActiveCfg = Release|Any CPU
		{3249AB6F-0448-4018-900D-C390DD6B9C64}.Release|Any CPU.Build.0 = Release|Any CPU
		{367AA587-5314-4E4D-8EC5-D3CF721EE5F0}.Debug|Any CPU.ActiveCfg = Debug|Any CPU
		{367AA587-5314-4E4D-8EC5-D3CF721EE5F0}.Debug|Any CPU.Build.0 = Debug|Any CPU
		{367AA587-5314-4E4D-8EC5-D3CF721EE5F0}.Release|Any CPU.ActiveCfg = Release|Any CPU
		{367AA587-5314-4E4D-8EC5-D3CF721EE5F0}.Release|Any CPU.Build.0 = Release|Any CPU
		{D197C674-C124-48F4-BF82-B2ADD647C3AD}.Debug|Any CPU.ActiveCfg = Debug|Any CPU
		{D197C674-C124-48F4-BF82-B2ADD647C3AD}.Debug|Any CPU.Build.0 = Debug|Any CPU
		{D197C674-C124-48F4-BF82-B2ADD647C3AD}.Release|Any CPU.ActiveCfg = Release|Any CPU
		{D197C674-C124-48F4-BF82-B2ADD647C3AD}.Release|Any CPU.Build.0 = Release|Any CPU
		{5F381F81-3254-4A8A-86D3-F2F2871614FA}.Debug|Any CPU.ActiveCfg = Debug|Any CPU
		{5F381F81-3254-4A8A-86D3-F2F2871614FA}.Debug|Any CPU.Build.0 = Debug|Any CPU
		{5F381F81-3254-4A8A-86D3-F2F2871614FA}.Release|Any CPU.ActiveCfg = Release|Any CPU
		{5F381F81-3254-4A8A-86D3-F2F2871614FA}.Release|Any CPU.Build.0 = Release|Any CPU
	EndGlobalSection
EndGlobal
